
Microsoft Visual Studio Solution File, Format Version 12.00
# Visual Studio 15
VisualStudioVersion = 15.0.27703.2047
MinimumVisualStudioVersion = 10.0.40219.1
Project("{FAE04EC0-301F-11D3-BF4B-00C04F79EFBC}") = "CityInfo.API", "CityInfo.API\CityInfo.API.csproj", "{4504EEF5-1817-42FA-BD5C-CB9BEC2D56A9}"
EndProject
Global
	GlobalSection(SolutionConfigurationPlatforms) = preSolution
		Debug|Any CPU = Debug|Any CPU
		Release|Any CPU = Release|Any CPU
	EndGlobalSection
	GlobalSection(ProjectConfigurationPlatforms) = postSolution
		{4504EEF5-1817-42FA-BD5C-CB9BEC2D56A9}.Debug|Any CPU.ActiveCfg = Debug|Any CPU
		{4504EEF5-1817-42FA-BD5C-CB9BEC2D56A9}.Debug|Any CPU.Build.0 = Debug|Any CPU
		{4504EEF5-1817-42FA-BD5C-CB9BEC2D56A9}.Release|Any CPU.ActiveCfg = Release|Any CPU
		{4504EEF5-1817-42FA-BD5C-CB9BEC2D56A9}.Release|Any CPU.Build.0 = Release|Any CPU
	EndGlobalSection
	GlobalSection(SolutionProperties) = preSolution
		HideSolutionNode = FALSE
	EndGlobalSection
	GlobalSection(ExtensibilityGlobals) = postSolution
		SolutionGuid = {72EADF83-7CA5-4D65-A46B-A5F2C5209591}
	EndGlobalSection
EndGlobal
